
Microsoft Visual Studio Solution File, Format Version 12.00
# Visual Studio Version 16
VisualStudioVersion = 16.0.29911.84
MinimumVisualStudioVersion = 10.0.40219.1
Project("{888888A0-9F3D-457C-B088-3A5042F75D52}") = "Lab2", "Lab2.pyproj", "{88E48E1E-548B-4AF7-B2C1-FF1CD061AB7E}"
EndProject
Global
	GlobalSection(SolutionConfigurationPlatforms) = preSolution
		Debug|Any CPU = Debug|Any CPU
		Release|Any CPU = Release|Any CPU
	EndGlobalSection
	GlobalSection(ProjectConfigurationPlatforms) = postSolution
		{88E48E1E-548B-4AF7-B2C1-FF1CD061AB7E}.Debug|Any CPU.ActiveCfg = Debug|Any CPU
		{88E48E1E-548B-4AF7-B2C1-FF1CD061AB7E}.Release|Any CPU.ActiveCfg = Release|Any CPU
	EndGlobalSection
	GlobalSection(SolutionProperties) = preSolution
		HideSolutionNode = FALSE
	EndGlobalSection
	GlobalSection(ExtensibilityGlobals) = postSolution
		SolutionGuid = {51031E1D-43F8-47BF-AAF4-81C4B60F8B88}
	EndGlobalSection
EndGlobal
